// !$*UTF8*$!
{
	archiveVersion = 1;
	classes = {
	};
	objectVersion = 50;
	objects = {

/* Begin PBXBuildFile section */
		D150ECFF25694F48005FD58C /* SignUpScreen.swift in Sources */ = {isa = PBXBuildFile; fileRef = D150ECFE25694F48005FD58C /* SignUpScreen.swift */; };
		D1D7865225289FBC00621F8F /* MyCoinsApp.swift in Sources */ = {isa = PBXBuildFile; fileRef = D1D7865125289FBC00621F8F /* MyCoinsApp.swift */; };
		D1D7865625289FBF00621F8F /* Assets.xcassets in Resources */ = {isa = PBXBuildFile; fileRef = D1D7865525289FBF00621F8F /* Assets.xcassets */; };
		D1D7865925289FBF00621F8F /* Preview Assets.xcassets in Resources */ = {isa = PBXBuildFile; fileRef = D1D7865825289FBF00621F8F /* Preview Assets.xcassets */; };
/* End PBXBuildFile section */

/* Begin PBXFileReference section */
		D150ECFE25694F48005FD58C /* SignUpScreen.swift */ = {isa = PBXFileReference; lastKnownFileType = sourcecode.swift; path = SignUpScreen.swift; sourceTree = "<group>"; };
		D1D7864E25289FBC00621F8F /* MyCoins.app */ = {isa = PBXFileReference; explicitFileType = wrapper.application; includeInIndex = 0; path = MyCoins.app; sourceTree = BUILT_PRODUCTS_DIR; };
		D1D7865125289FBC00621F8F /* MyCoinsApp.swift */ = {isa = PBXFileReference; lastKnownFileType = sourcecode.swift; path = MyCoinsApp.swift; sourceTree = "<group>"; };
		D1D7865525289FBF00621F8F /* Assets.xcassets */ = {isa = PBXFileReference; lastKnownFileType = folder.assetcatalog; path = Assets.xcassets; sourceTree = "<group>"; };
		D1D7865825289FBF00621F8F /* Preview Assets.xcassets */ = {isa = PBXFileReference; lastKnownFileType = folder.assetcatalog; path = "Preview Assets.xcassets"; sourceTree = "<group>"; };
		D1D7865A25289FBF00621F8F /* Info.plist */ = {isa = PBXFileReference; lastKnownFileType = text.plist.xml; path = Info.plist; sourceTree = "<group>"; };
/* End PBXFileReference section */

/* Begin PBXFrameworksBuildPhase section */
		D1D7864B25289FBC00621F8F /* Frameworks */ = {
			isa = PBXFrameworksBuildPhase;
			buildActionMask = 2147483647;
			files = (
			);
			runOnlyForDeploymentPostprocessing = 0;
		};
/* End PBXFrameworksBuildPhase section */

/* Begin PBXGroup section */
		D10CDD19263B1038008DE5D6 /* SignUp */ = {
			isa = PBXGroup;
			children = (
				D150ECFE25694F48005FD58C /* SignUpScreen.swift */,
			);
			path = SignUp;
			sourceTree = "<group>";
		};
		D1D7864525289FBC00621F8F = {
			isa = PBXGroup;
			children = (
				D1D7865025289FBC00621F8F /* MyCoins */,
				D1D7864F25289FBC00621F8F /* Products */,
			);
			sourceTree = "<group>";
		};
		D1D7864F25289FBC00621F8F /* Products */ = {
			isa = PBXGroup;
			children = (
				D1D7864E25289FBC00621F8F /* MyCoins.app */,
			);
			name = Products;
			sourceTree = "<group>";
		};
		D1D7865025289FBC00621F8F /* MyCoins */ = {
			isa = PBXGroup;
			children = (
				D1EC6DEA256060B000034185 /* SupportFiles */,
				D1EC6DE9256060A400034185 /* Resources */,
				D1EC6DE72560606800034185 /* Presentation */,
				D1D7865125289FBC00621F8F /* MyCoinsApp.swift */,
				D1D7865725289FBF00621F8F /* Preview Content */,
			);
			path = MyCoins;
			sourceTree = "<group>";
		};
		D1D7865725289FBF00621F8F /* Preview Content */ = {
			isa = PBXGroup;
			children = (
				D1D7865825289FBF00621F8F /* Preview Assets.xcassets */,
			);
			path = "Preview Content";
			sourceTree = "<group>";
		};
		D1EC6DE72560606800034185 /* Presentation */ = {
			isa = PBXGroup;
			children = (
				D1EC6DE82560608E00034185 /* Screen */,
			);
			path = Presentation;
			sourceTree = "<group>";
		};
		D1EC6DE82560608E00034185 /* Screen */ = {
			isa = PBXGroup;
			children = (
				D10CDD19263B1038008DE5D6 /* SignUp */,
			);
			path = Screen;
			sourceTree = "<group>";
		};
		D1EC6DE9256060A400034185 /* Resources */ = {
			isa = PBXGroup;
			children = (
				D1D7865525289FBF00621F8F /* Assets.xcassets */,
			);
			path = Resources;
			sourceTree = "<group>";
		};
		D1EC6DEA256060B000034185 /* SupportFiles */ = {
			isa = PBXGroup;
			children = (
				D1D7865A25289FBF00621F8F /* Info.plist */,
			);
			path = SupportFiles;
			sourceTree = "<group>";
		};
/* End PBXGroup section */

/* Begin PBXNativeTarget section */
		D1D7864D25289FBC00621F8F /* MyCoins */ = {
			isa = PBXNativeTarget;
			buildConfigurationList = D1D7865D25289FBF00621F8F /* Build configuration list for PBXNativeTarget "MyCoins" */;
			buildPhases = (
				D1D7864A25289FBC00621F8F /* Sources */,
				D1D7864B25289FBC00621F8F /* Frameworks */,
				D1D7864C25289FBC00621F8F /* Resources */,
			);
			buildRules = (
			);
			dependencies = (
			);
			name = MyCoins;
			productName = MyCoins;
			productReference = D1D7864E25289FBC00621F8F /* MyCoins.app */;
			productType = "com.apple.product-type.application";
		};
/* End PBXNativeTarget section */

/* Begin PBXProject section */
		D1D7864625289FBC00621F8F /* Project object */ = {
			isa = PBXProject;
			attributes = {
				LastSwiftUpdateCheck = 1200;
				LastUpgradeCheck = 1200;
				TargetAttributes = {
					D1D7864D25289FBC00621F8F = {
						CreatedOnToolsVersion = 12.0.1;
					};
				};
			};
			buildConfigurationList = D1D7864925289FBC00621F8F /* Build configuration list for PBXProject "MyCoins" */;
			compatibilityVersion = "Xcode 9.3";
			developmentRegion = en;
			hasScannedForEncodings = 0;
			knownRegions = (
				en,
				Base,
			);
			mainGroup = D1D7864525289FBC00621F8F;
			productRefGroup = D1D7864F25289FBC00621F8F /* Products */;
			projectDirPath = "";
			projectRoot = "";
			targets = (
				D1D7864D25289FBC00621F8F /* MyCoins */,
			);
		};
/* End PBXProject section */

/* Begin PBXResourcesBuildPhase section */
		D1D7864C25289FBC00621F8F /* Resources */ = {
			isa = PBXResourcesBuildPhase;
			buildActionMask = 2147483647;
			files = (
				D1D7865925289FBF00621F8F /* Preview Assets.xcassets in Resources */,
				D1D7865625289FBF00621F8F /* Assets.xcassets in Resources */,
			);
			runOnlyForDeploymentPostprocessing = 0;
		};
/* End PBXResourcesBuildPhase section */

/* Begin PBXSourcesBuildPhase section */
		D1D7864A25289FBC00621F8F /* Sources */ = {
			isa = PBXSourcesBuildPhase;
			buildActionMask = 2147483647;
			files = (
				D150ECFF25694F48005FD58C /* SignUpScreen.swift in Sources */,
				D1D7865225289FBC00621F8F /* MyCoinsApp.swift in Sources */,
			);
			runOnlyForDeploymentPostprocessing = 0;
		};
/* End PBXSourcesBuildPhase section */

/* Begin XCBuildConfiguration section */
		D1D7865B25289FBF00621F8F /* Debug */ = {
			isa = XCBuildConfiguration;
			buildSettings = {
				ALWAYS_SEARCH_USER_PATHS = NO;
				CLANG_ANALYZER_NONNULL = YES;
				CLANG_ANALYZER_NUMBER_OBJECT_CONVERSION = YES_AGGRESSIVE;
				CLANG_CXX_LANGUAGE_STANDARD = "gnu++14";
				CLANG_CXX_LIBRARY = "libc++";
				CLANG_ENABLE_MODULES = YES;
				CLANG_ENABLE_OBJC_ARC = YES;
				CLANG_ENABLE_OBJC_WEAK = YES;
				CLANG_WARN_BLOCK_CAPTURE_AUTORELEASING = YES;
				CLANG_WARN_BOOL_CONVERSION = YES;
				CLANG_WARN_COMMA = YES;
				CLANG_WARN_CONSTANT_CONVERSION = YES;
				CLANG_WARN_DEPRECATED_OBJC_IMPLEMENTATIONS = YES;
				CLANG_WARN_DIRECT_OBJC_ISA_USAGE = YES_ERROR;
				CLANG_WARN_DOCUMENTATION_COMMENTS = YES;
				CLANG_WARN_EMPTY_BODY = YES;
				CLANG_WARN_ENUM_CONVERSION = YES;
				CLANG_WARN_INFINITE_RECURSION = YES;
				CLANG_WARN_INT_CONVERSION = YES;
				CLANG_WARN_NON_LITERAL_NULL_CONVERSION = YES;
				CLANG_WARN_OBJC_IMPLICIT_RETAIN_SELF = YES;
				CLANG_WARN_OBJC_LITERAL_CONVERSION = YES;
				CLANG_WARN_OBJC_ROOT_CLASS = YES_ERROR;
				CLANG_WARN_QUOTED_INCLUDE_IN_FRAMEWORK_HEADER = YES;
				CLANG_WARN_RANGE_LOOP_ANALYSIS = YES;
				CLANG_WARN_STRICT_PROTOTYPES = YES;
				CLANG_WARN_SUSPICIOUS_MOVE = YES;
				CLANG_WARN_UNGUARDED_AVAILABILITY = YES_AGGRESSIVE;
				CLANG_WARN_UNREACHABLE_CODE = YES;
				CLANG_WARN__DUPLICATE_METHOD_MATCH = YES;
				COPY_PHASE_STRIP = NO;
				DEBUG_INFORMATION_FORMAT = dwarf;
				ENABLE_STRICT_OBJC_MSGSEND = YES;
				ENABLE_TESTABILITY = YES;
				GCC_C_LANGUAGE_STANDARD = gnu11;
				GCC_DYNAMIC_NO_PIC = NO;
				GCC_NO_COMMON_BLOCKS = YES;
				GCC_OPTIMIZATION_LEVEL = 0;
				GCC_PREPROCESSOR_DEFINITIONS = (
					"DEBUG=1",
					"$(inherited)",
				);
				GCC_WARN_64_TO_32_BIT_CONVERSION = YES;
				GCC_WARN_ABOUT_RETURN_TYPE = YES_ERROR;
				GCC_WARN_UNDECLARED_SELECTOR = YES;
				GCC_WARN_UNINITIALIZED_AUTOS = YES_AGGRESSIVE;
				GCC_WARN_UNUSED_FUNCTION = YES;
				GCC_WARN_UNUSED_VARIABLE = YES;
				IPHONEOS_DEPLOYMENT_TARGET = 14.0;
				MTL_ENABLE_DEBUG_INFO = INCLUDE_SOURCE;
				MTL_FAST_MATH = YES;
				ONLY_ACTIVE_ARCH = YES;
				SDKROOT = iphoneos;
				SWIFT_ACTIVE_COMPILATION_CONDITIONS = DEBUG;
				SWIFT_OPTIMIZATION_LEVEL = "-Onone";
			};
			name = Debug;
		};
		D1D7865C25289FBF00621F8F /* Release */ = {
			isa = XCBuildConfiguration;
			buildSettings = {
				ALWAYS_SEARCH_USER_PATHS = NO;
				CLANG_ANALYZER_NONNULL = YES;
				CLANG_ANALYZER_NUMBER_OBJECT_CONVERSION = YES_AGGRESSIVE;
				CLANG_CXX_LANGUAGE_STANDARD = "gnu++14";
				CLANG_CXX_LIBRARY = "libc++";
				CLANG_ENABLE_MODULES = YES;
				CLANG_ENABLE_OBJC_ARC = YES;
				CLANG_ENABLE_OBJC_WEAK = YES;
				CLANG_WARN_BLOCK_CAPTURE_AUTORELEASING = YES;
				CLANG_WARN_BOOL_CONVERSION = YES;
				CLANG_WARN_COMMA = YES;
				CLANG_WARN_CONSTANT_CONVERSION = YES;
				CLANG_WARN_DEPRECATED_OBJC_IMPLEMENTATIONS = YES;
				CLANG_WARN_DIRECT_OBJC_ISA_USAGE = YES_ERROR;
				CLANG_WARN_DOCUMENTATION_COMMENTS = YES;
				CLANG_WARN_EMPTY_BODY = YES;
				CLANG_WARN_ENUM_CONVERSION = YES;
				CLANG_WARN_INFINITE_RECURSION = YES;
				CLANG_WARN_INT_CONVERSION = YES;
				CLANG_WARN_NON_LITERAL_NULL_CONVERSION = YES;
				CLANG_WARN_OBJC_IMPLICIT_RETAIN_SELF = YES;
				CLANG_WARN_OBJC_LITERAL_CONVERSION = YES;
				CLANG_WARN_OBJC_ROOT_CLASS = YES_ERROR;
				CLANG_WARN_QUOTED_INCLUDE_IN_FRAMEWORK_HEADER = YES;
				CLANG_WARN_RANGE_LOOP_ANALYSIS = YES;
				CLANG_WARN_STRICT_PROTOTYPES = YES;
				CLANG_WARN_SUSPICIOUS_MOVE = YES;
				CLANG_WARN_UNGUARDED_AVAILABILITY = YES_AGGRESSIVE;
				CLANG_WARN_UNREACHABLE_CODE = YES;
				CLANG_WARN__DUPLICATE_METHOD_MATCH = YES;
				COPY_PHASE_STRIP = NO;
				DEBUG_INFORMATION_FORMAT = "dwarf-with-dsym";
				ENABLE_NS_ASSERTIONS = NO;
				ENABLE_STRICT_OBJC_MSGSEND = YES;
				GCC_C_LANGUAGE_STANDARD = gnu11;
				GCC_NO_COMMON_BLOCKS = YES;
				GCC_WARN_64_TO_32_BIT_CONVERSION = YES;
				GCC_WARN_ABOUT_RETURN_TYPE = YES_ERROR;
				GCC_WARN_UNDECLARED_SELECTOR = YES;
				GCC_WARN_UNINITIALIZED_AUTOS = YES_AGGRESSIVE;
				GCC_WARN_UNUSED_FUNCTION = YES;
				GCC_WARN_UNUSED_VARIABLE = YES;
				IPHONEOS_DEPLOYMENT_TARGET = 14.0;
				MTL_ENABLE_DEBUG_INFO = NO;
				MTL_FAST_MATH = YES;
				SDKROOT = iphoneos;
				SWIFT_COMPILATION_MODE = wholemodule;
				SWIFT_OPTIMIZATION_LEVEL = "-O";
				VALIDATE_PRODUCT = YES;
			};
			name = Release;
		};
		D1D7865E25289FBF00621F8F /* Debug */ = {
			isa = XCBuildConfiguration;
			buildSettings = {
				ASSETCATALOG_COMPILER_APPICON_NAME = AppIcon;
				ASSETCATALOG_COMPILER_GLOBAL_ACCENT_COLOR_NAME = AccentColor;
				CODE_SIGN_STYLE = Automatic;
				DEVELOPMENT_ASSET_PATHS = "\"MyCoins/Preview Content\"";
				DEVELOPMENT_TEAM = KB9Y52LAWK;
				ENABLE_PREVIEWS = YES;
				INFOPLIST_FILE = MyCoins/SupportFiles/Info.plist;
				IPHONEOS_DEPLOYMENT_TARGET = 14.0;
				LD_RUNPATH_SEARCH_PATHS = (
					"$(inherited)",
					"@executable_path/Frameworks",
				);
				PRODUCT_BUNDLE_IDENTIFIER = io.korostenskyi.MyCoins;
				PRODUCT_NAME = "$(TARGET_NAME)";
				SWIFT_VERSION = 5.0;
				TARGETED_DEVICE_FAMILY = "1,2";
			};
			name = Debug;
		};
		D1D7865F25289FBF00621F8F /* Release */ = {
			isa = XCBuildConfiguration;
			buildSettings = {
				ASSETCATALOG_COMPILER_APPICON_NAME = AppIcon;
				ASSETCATALOG_COMPILER_GLOBAL_ACCENT_COLOR_NAME = AccentColor;
				CODE_SIGN_STYLE = Automatic;
				DEVELOPMENT_ASSET_PATHS = "\"MyCoins/Preview Content\"";
				DEVELOPMENT_TEAM = KB9Y52LAWK;
				ENABLE_PREVIEWS = YES;
				INFOPLIST_FILE = MyCoins/SupportFiles/Info.plist;
				IPHONEOS_DEPLOYMENT_TARGET = 14.0;
				LD_RUNPATH_SEARCH_PATHS = (
					"$(inherited)",
					"@executable_path/Frameworks",
				);
				PRODUCT_BUNDLE_IDENTIFIER = io.korostenskyi.MyCoins;
				PRODUCT_NAME = "$(TARGET_NAME)";
				SWIFT_VERSION = 5.0;
				TARGETED_DEVICE_FAMILY = "1,2";
			};
			name = Release;
		};
/* End XCBuildConfiguration section */

/* Begin XCConfigurationList section */
		D1D7864925289FBC00621F8F /* Build configuration list for PBXProject "MyCoins" */ = {
			isa = XCConfigurationList;
			buildConfigurations = (
				D1D7865B25289FBF00621F8F /* Debug */,
				D1D7865C25289FBF00621F8F /* Release */,
			);
			defaultConfigurationIsVisible = 0;
			defaultConfigurationName = Release;
		};
		D1D7865D25289FBF00621F8F /* Build configuration list for PBXNativeTarget "MyCoins" */ = {
			isa = XCConfigurationList;
			buildConfigurations = (
				D1D7865E25289FBF00621F8F /* Debug */,
				D1D7865F25289FBF00621F8F /* Release */,
			);
			defaultConfigurationIsVisible = 0;
			defaultConfigurationName = Release;
		};
/* End XCConfigurationList section */
	};
	rootObject = D1D7864625289FBC00621F8F /* Project object */;
}
